{
  "name": "ng2-vis-forked",
  "version": "0.0.10",
  "lockfileVersion": 1,
  "requires": true,
  "dependencies": {
    "@types/vis": {
      "version": "4.18.3",
      "resolved": "https://registry.npmjs.org/@types/vis/-/vis-4.18.3.tgz",
      "integrity": "sha512-dF6VSWWDiQp0VATJ7eCv4eEFVhUQw/5dLN28JAJ/rbXPqk9d7VX7BDjVFsvJEbm5rXhtlfJ20tA+mBLJJJayaQ=="
    }
  }
}
